
Microsoft Visual Studio Solution File, Format Version 12.00
# Visual Studio Version 17
VisualStudioVersion = 17.14.37628.2 d17.14
MinimumVisualStudioVersion = 10.0.40219.1
Project("{FAE04EC0-301F-11D3-BF4B-00C04F79EFBC}") = "EXAMPLES", "EXAMPLES\EXAMPLES.csproj", "{E1093F26-9CE9-4DD0-982C-135BB2C62966}"
EndProject
Global
	GlobalSection(SolutionConfigurationPlatforms) = preSolution
		Debug|Any CPU = Debug|Any CPU
		Release|Any CPU = Release|Any CPU
	EndGlobalSection
	GlobalSection(ProjectConfigurationPlatforms) = postSolution
		{E1093F26-9CE9-4DD0-982C-135BB2C62966}.Debug|Any CPU.ActiveCfg = Debug|Any CPU
		{E1093F26-9CE9-4DD0-982C-135BB2C62966}.Debug|Any CPU.Build.0 = Debug|Any CPU
		{E1093F26-9CE9-4DD0-982C-135BB2C62966}.Release|Any CPU.ActiveCfg = Release|Any CPU
		{E1093F26-9CE9-4DD0-982C-135BB2C62966}.Release|Any CPU.Build.0 = Release|Any CPU
	EndGlobalSection
	GlobalSection(SolutionProperties) = preSolution
		HideSolutionNode = FALSE
	EndGlobalSection
	GlobalSection(ExtensibilityGlobals) = postSolution
		SolutionGuid = {518CE211-81EA-4C61-B0A9-610FA795F559}
	EndGlobalSection
EndGlobal
