
Microsoft Visual Studio Solution File, Format Version 12.00
# Visual Studio Version 17
VisualStudioVersion = 17.14.37628.2 d17.14
MinimumVisualStudioVersion = 10.0.40219.1
Project("{FAE04EC0-301F-11D3-BF4B-00C04F79EFBC}") = "ayaan mohamed hashi", "ayaan mohamed hashi\ayaan mohamed hashi.csproj", "{471BD177-C12C-40F5-BACD-3EDC4C45622D}"
EndProject
Global
	GlobalSection(SolutionConfigurationPlatforms) = preSolution
		Debug|Any CPU = Debug|Any CPU
		Release|Any CPU = Release|Any CPU
	EndGlobalSection
	GlobalSection(ProjectConfigurationPlatforms) = postSolution
		{471BD177-C12C-40F5-BACD-3EDC4C45622D}.Debug|Any CPU.ActiveCfg = Debug|Any CPU
		{471BD177-C12C-40F5-BACD-3EDC4C45622D}.Debug|Any CPU.Build.0 = Debug|Any CPU
		{471BD177-C12C-40F5-BACD-3EDC4C45622D}.Release|Any CPU.ActiveCfg = Release|Any CPU
		{471BD177-C12C-40F5-BACD-3EDC4C45622D}.Release|Any CPU.Build.0 = Release|Any CPU
	EndGlobalSection
	GlobalSection(SolutionProperties) = preSolution
		HideSolutionNode = FALSE
	EndGlobalSection
	GlobalSection(ExtensibilityGlobals) = postSolution
		SolutionGuid = {169BD68C-7243-41A5-AA98-0F46B6F27DD2}
	EndGlobalSection
EndGlobal
