
Microsoft Visual Studio Solution File, Format Version 12.00
# Visual Studio Version 17
VisualStudioVersion = 17.14.37628.2 d17.14
MinimumVisualStudioVersion = 10.0.40219.1
Project("{FAE04EC0-301F-11D3-BF4B-00C04F79EFBC}") = "2assigment", "2assigment\2assigment.csproj", "{B3A73543-0396-4EEF-8EBC-91A728A9C465}"
EndProject
Global
	GlobalSection(SolutionConfigurationPlatforms) = preSolution
		Debug|Any CPU = Debug|Any CPU
		Release|Any CPU = Release|Any CPU
	EndGlobalSection
	GlobalSection(ProjectConfigurationPlatforms) = postSolution
		{B3A73543-0396-4EEF-8EBC-91A728A9C465}.Debug|Any CPU.ActiveCfg = Debug|Any CPU
		{B3A73543-0396-4EEF-8EBC-91A728A9C465}.Debug|Any CPU.Build.0 = Debug|Any CPU
		{B3A73543-0396-4EEF-8EBC-91A728A9C465}.Release|Any CPU.ActiveCfg = Release|Any CPU
		{B3A73543-0396-4EEF-8EBC-91A728A9C465}.Release|Any CPU.Build.0 = Release|Any CPU
	EndGlobalSection
	GlobalSection(SolutionProperties) = preSolution
		HideSolutionNode = FALSE
	EndGlobalSection
	GlobalSection(ExtensibilityGlobals) = postSolution
		SolutionGuid = {AED90419-C913-4E0A-A490-B60AEAF514A7}
	EndGlobalSection
EndGlobal
